// !$*UTF8*$!
{
	archiveVersion = 1;
	classes = {
	};
	objectVersion = 48;
	objects = {

/* Begin PBXBuildFile section */
		B74E1967222017FB005BF5C8 /* Person.m in Sources */ = {isa = PBXBuildFile; fileRef = B74E1966222017FB005BF5C8 /* Person.m */; };
		B74E196D22201CA3005BF5C8 /* Dog.m in Sources */ = {isa = PBXBuildFile; fileRef = B74E196C22201CA3005BF5C8 /* Dog.m */; };
		B74E197022201EBA005BF5C8 /* Ipad.m in Sources */ = {isa = PBXBuildFile; fileRef = B74E196F22201EBA005BF5C8 /* Ipad.m */; };
		B751A55E2044FDFB00E1B443 /* AppDelegate.m in Sources */ = {isa = PBXBuildFile; fileRef = B751A55D2044FDFB00E1B443 /* AppDelegate.m */; };
		B751A5612044FDFB00E1B443 /* ViewController.m in Sources */ = {isa = PBXBuildFile; fileRef = B751A5602044FDFB00E1B443 /* ViewController.m */; };
		B751A5642044FDFB00E1B443 /* Main.storyboard in Resources */ = {isa = PBXBuildFile; fileRef = B751A5622044FDFB00E1B443 /* Main.storyboard */; };
		B751A5662044FDFB00E1B443 /* Assets.xcassets in Resources */ = {isa = PBXBuildFile; fileRef = B751A5652044FDFB00E1B443 /* Assets.xcassets */; };
		B751A5692044FDFB00E1B443 /* LaunchScreen.storyboard in Resources */ = {isa = PBXBuildFile; fileRef = B751A5672044FDFB00E1B443 /* LaunchScreen.storyboard */; };
		B751A56C2044FDFB00E1B443 /* main.m in Sources */ = {isa = PBXBuildFile; fileRef = B751A56B2044FDFB00E1B443 /* main.m */; };
		B751A5762044FDFB00E1B443 /* GitLearnTests.m in Sources */ = {isa = PBXBuildFile; fileRef = B751A5752044FDFB00E1B443 /* GitLearnTests.m */; };
		B751A5812044FDFB00E1B443 /* GitLearnUITests.m in Sources */ = {isa = PBXBuildFile; fileRef = B751A5802044FDFB00E1B443 /* GitLearnUITests.m */; };
		B751A5902044FFE100E1B443 /* TestViewController.m in Sources */ = {isa = PBXBuildFile; fileRef = B751A58F2044FFE100E1B443 /* TestViewController.m */; };
/* End PBXBuildFile section */

/* Begin PBXContainerItemProxy section */
		B751A5722044FDFB00E1B443 /* PBXContainerItemProxy */ = {
			isa = PBXContainerItemProxy;
			containerPortal = B751A5512044FDFB00E1B443 /* Project object */;
			proxyType = 1;
			remoteGlobalIDString = B751A5582044FDFB00E1B443;
			remoteInfo = GitLearn;
		};
		B751A57D2044FDFB00E1B443 /* PBXContainerItemProxy */ = {
			isa = PBXContainerItemProxy;
			containerPortal = B751A5512044FDFB00E1B443 /* Project object */;
			proxyType = 1;
			remoteGlobalIDString = B751A5582044FDFB00E1B443;
			remoteInfo = GitLearn;
		};
/* End PBXContainerItemProxy section */

/* Begin PBXFileReference section */
		B74E1965222017FB005BF5C8 /* Person.h */ = {isa = PBXFileReference; lastKnownFileType = sourcecode.c.h; path = Person.h; sourceTree = "<group>"; };
		B74E1966222017FB005BF5C8 /* Person.m */ = {isa = PBXFileReference; lastKnownFileType = sourcecode.c.objc; path = Person.m; sourceTree = "<group>"; };
		B74E196B22201CA3005BF5C8 /* Dog.h */ = {isa = PBXFileReference; lastKnownFileType = sourcecode.c.h; path = Dog.h; sourceTree = "<group>"; };
		B74E196C22201CA3005BF5C8 /* Dog.m */ = {isa = PBXFileReference; lastKnownFileType = sourcecode.c.objc; path = Dog.m; sourceTree = "<group>"; };
		B74E196E22201EBA005BF5C8 /* Ipad.h */ = {isa = PBXFileReference; lastKnownFileType = sourcecode.c.h; path = Ipad.h; sourceTree = "<group>"; };
		B74E196F22201EBA005BF5C8 /* Ipad.m */ = {isa = PBXFileReference; lastKnownFileType = sourcecode.c.objc; path = Ipad.m; sourceTree = "<group>"; };
		B751A5592044FDFB00E1B443 /* GitLearn.app */ = {isa = PBXFileReference; explicitFileType = wrapper.application; includeInIndex = 0; path = GitLearn.app; sourceTree = BUILT_PRODUCTS_DIR; };
		B751A55C2044FDFB00E1B443 /* AppDelegate.h */ = {isa = PBXFileReference; lastKnownFileType = sourcecode.c.h; path = AppDelegate.h; sourceTree = "<group>"; };
		B751A55D2044FDFB00E1B443 /* AppDelegate.m */ = {isa = PBXFileReference; lastKnownFileType = sourcecode.c.objc; path = AppDelegate.m; sourceTree = "<group>"; };
		B751A55F2044FDFB00E1B443 /* ViewController.h */ = {isa = PBXFileReference; lastKnownFileType = sourcecode.c.h; path = ViewController.h; sourceTree = "<group>"; };
		B751A5602044FDFB00E1B443 /* ViewController.m */ = {isa = PBXFileReference; lastKnownFileType = sourcecode.c.objc; path = ViewController.m; sourceTree = "<group>"; };
		B751A5632044FDFB00E1B443 /* Base */ = {isa = PBXFileReference; lastKnownFileType = file.storyboard; name = Base; path = Base.lproj/Main.storyboard; sourceTree = "<group>"; };
		B751A5652044FDFB00E1B443 /* Assets.xcassets */ = {isa = PBXFileReference; lastKnownFileType = folder.assetcatalog; path = Assets.xcassets; sourceTree = "<group>"; };
		B751A5682044FDFB00E1B443 /* Base */ = {isa = PBXFileReference; lastKnownFileType = file.storyboard; name = Base; path = Base.lproj/LaunchScreen.storyboard; sourceTree = "<group>"; };
		B751A56A2044FDFB00E1B443 /* Info.plist */ = {isa = PBXFileReference; lastKnownFileType = text.plist.xml; path = Info.plist; sourceTree = "<group>"; };
		B751A56B2044FDFB00E1B443 /* main.m */ = {isa = PBXFileReference; lastKnownFileType = sourcecode.c.objc; path = main.m; sourceTree = "<group>"; };
		B751A5712044FDFB00E1B443 /* GitLearnTests.xctest */ = {isa = PBXFileReference; explicitFileType = wrapper.cfbundle; includeInIndex = 0; path = GitLearnTests.xctest; sourceTree = BUILT_PRODUCTS_DIR; };
		B751A5752044FDFB00E1B443 /* GitLearnTests.m */ = {isa = PBXFileReference; lastKnownFileType = sourcecode.c.objc; path = GitLearnTests.m; sourceTree = "<group>"; };
		B751A5772044FDFB00E1B443 /* Info.plist */ = {isa = PBXFileReference; lastKnownFileType = text.plist.xml; path = Info.plist; sourceTree = "<group>"; };
		B751A57C2044FDFB00E1B443 /* GitLearnUITests.xctest */ = {isa = PBXFileReference; explicitFileType = wrapper.cfbundle; includeInIndex = 0; path = GitLearnUITests.xctest; sourceTree = BUILT_PRODUCTS_DIR; };
		B751A5802044FDFB00E1B443 /* GitLearnUITests.m */ = {isa = PBXFileReference; lastKnownFileType = sourcecode.c.objc; path = GitLearnUITests.m; sourceTree = "<group>"; };
		B751A5822044FDFB00E1B443 /* Info.plist */ = {isa = PBXFileReference; lastKnownFileType = text.plist.xml; path = Info.plist; sourceTree = "<group>"; };
		B751A58E2044FFE100E1B443 /* TestViewController.h */ = {isa = PBXFileReference; lastKnownFileType = sourcecode.c.h; path = TestViewController.h; sourceTree = "<group>"; };
		B751A58F2044FFE100E1B443 /* TestViewController.m */ = {isa = PBXFileReference; lastKnownFileType = sourcecode.c.objc; path = TestViewController.m; sourceTree = "<group>"; };
/* End PBXFileReference section */

/* Begin PBXFrameworksBuildPhase section */
		B751A5562044FDFB00E1B443 /* Frameworks */ = {
			isa = PBXFrameworksBuildPhase;
			buildActionMask = 2147483647;
			files = (
			);
			runOnlyForDeploymentPostprocessing = 0;
		};
		B751A56E2044FDFB00E1B443 /* Frameworks */ = {
			isa = PBXFrameworksBuildPhase;
			buildActionMask = 2147483647;
			files = (
			);
			runOnlyForDeploymentPostprocessing = 0;
		};
		B751A5792044FDFB00E1B443 /* Frameworks */ = {
			isa = PBXFrameworksBuildPhase;
			buildActionMask = 2147483647;
			files = (
			);
			runOnlyForDeploymentPostprocessing = 0;
		};
/* End PBXFrameworksBuildPhase section */

/* Begin PBXGroup section */
		B751A5502044FDFB00E1B443 = {
			isa = PBXGroup;
			children = (
				B751A55B2044FDFB00E1B443 /* GitLearn */,
				B751A5742044FDFB00E1B443 /* GitLearnTests */,
				B751A57F2044FDFB00E1B443 /* GitLearnUITests */,
				B751A55A2044FDFB00E1B443 /* Products */,
			);
			sourceTree = "<group>";
		};
		B751A55A2044FDFB00E1B443 /* Products */ = {
			isa = PBXGroup;
			children = (
				B751A5592044FDFB00E1B443 /* GitLearn.app */,
				B751A5712044FDFB00E1B443 /* GitLearnTests.xctest */,
				B751A57C2044FDFB00E1B443 /* GitLearnUITests.xctest */,
			);
			name = Products;
			sourceTree = "<group>";
		};
		B751A55B2044FDFB00E1B443 /* GitLearn */ = {
			isa = PBXGroup;
			children = (
				B751A55C2044FDFB00E1B443 /* AppDelegate.h */,
				B751A55D2044FDFB00E1B443 /* AppDelegate.m */,
				B751A55F2044FDFB00E1B443 /* ViewController.h */,
				B751A5602044FDFB00E1B443 /* ViewController.m */,
				B751A58E2044FFE100E1B443 /* TestViewController.h */,
				B751A58F2044FFE100E1B443 /* TestViewController.m */,
				B74E196B22201CA3005BF5C8 /* Dog.h */,
				B74E196C22201CA3005BF5C8 /* Dog.m */,
				B74E196E22201EBA005BF5C8 /* Ipad.h */,
				B74E196F22201EBA005BF5C8 /* Ipad.m */,
				B751A5622044FDFB00E1B443 /* Main.storyboard */,
				B74E1966222017FB005BF5C8 /* Person.m */,
				B74E1965222017FB005BF5C8 /* Person.h */,
				B751A5652044FDFB00E1B443 /* Assets.xcassets */,
				B751A5672044FDFB00E1B443 /* LaunchScreen.storyboard */,
				B751A56A2044FDFB00E1B443 /* Info.plist */,
				B751A56B2044FDFB00E1B443 /* main.m */,
			);
			path = GitLearn;
			sourceTree = "<group>";
		};
		B751A5742044FDFB00E1B443 /* GitLearnTests */ = {
			isa = PBXGroup;
			children = (
				B751A5752044FDFB00E1B443 /* GitLearnTests.m */,
				B751A5772044FDFB00E1B443 /* Info.plist */,
			);
			path = GitLearnTests;
			sourceTree = "<group>";
		};
		B751A57F2044FDFB00E1B443 /* GitLearnUITests */ = {
			isa = PBXGroup;
			children = (
				B751A5802044FDFB00E1B443 /* GitLearnUITests.m */,
				B751A5822044FDFB00E1B443 /* Info.plist */,
			);
			path = GitLearnUITests;
			sourceTree = "<group>";
		};
/* End PBXGroup section */

/* Begin PBXNativeTarget section */
		B751A5582044FDFB00E1B443 /* GitLearn */ = {
			isa = PBXNativeTarget;
			buildConfigurationList = B751A5852044FDFB00E1B443 /* Build configuration list for PBXNativeTarget "GitLearn" */;
			buildPhases = (
				B751A5552044FDFB00E1B443 /* Sources */,
				B751A5562044FDFB00E1B443 /* Frameworks */,
				B751A5572044FDFB00E1B443 /* Resources */,
			);
			buildRules = (
			);
			dependencies = (
			);
			name = GitLearn;
			productName = GitLearn;
			productReference = B751A5592044FDFB00E1B443 /* GitLearn.app */;
			productType = "com.apple.product-type.application";
		};
		B751A5702044FDFB00E1B443 /* GitLearnTests */ = {
			isa = PBXNativeTarget;
			buildConfigurationList = B751A5882044FDFB00E1B443 /* Build configuration list for PBXNativeTarget "GitLearnTests" */;
			buildPhases = (
				B751A56D2044FDFB00E1B443 /* Sources */,
				B751A56E2044FDFB00E1B443 /* Frameworks */,
				B751A56F2044FDFB00E1B443 /* Resources */,
			);
			buildRules = (
			);
			dependencies = (
				B751A5732044FDFB00E1B443 /* PBXTargetDependency */,
			);
			name = GitLearnTests;
			productName = GitLearnTests;
			productReference = B751A5712044FDFB00E1B443 /* GitLearnTests.xctest */;
			productType = "com.apple.product-type.bundle.unit-test";
		};
		B751A57B2044FDFB00E1B443 /* GitLearnUITests */ = {
			isa = PBXNativeTarget;
			buildConfigurationList = B751A58B2044FDFB00E1B443 /* Build configuration list for PBXNativeTarget "GitLearnUITests" */;
			buildPhases = (
				B751A5782044FDFB00E1B443 /* Sources */,
				B751A5792044FDFB00E1B443 /* Frameworks */,
				B751A57A2044FDFB00E1B443 /* Resources */,
			);
			buildRules = (
			);
			dependencies = (
				B751A57E2044FDFB00E1B443 /* PBXTargetDependency */,
			);
			name = GitLearnUITests;
			productName = GitLearnUITests;
			productReference = B751A57C2044FDFB00E1B443 /* GitLearnUITests.xctest */;
			productType = "com.apple.product-type.bundle.ui-testing";
		};
/* End PBXNativeTarget section */

/* Begin PBXProject section */
		B751A5512044FDFB00E1B443 /* Project object */ = {
			isa = PBXProject;
			attributes = {
				LastUpgradeCheck = 0920;
				ORGANIZATIONNAME = Edison;
				TargetAttributes = {
					B751A5582044FDFB00E1B443 = {
						CreatedOnToolsVersion = 9.2;
						ProvisioningStyle = Automatic;
					};
					B751A5702044FDFB00E1B443 = {
						CreatedOnToolsVersion = 9.2;
						ProvisioningStyle = Automatic;
						TestTargetID = B751A5582044FDFB00E1B443;
					};
					B751A57B2044FDFB00E1B443 = {
						CreatedOnToolsVersion = 9.2;
						ProvisioningStyle = Automatic;
						TestTargetID = B751A5582044FDFB00E1B443;
					};
				};
			};
			buildConfigurationList = B751A5542044FDFB00E1B443 /* Build configuration list for PBXProject "GitLearn" */;
			compatibilityVersion = "Xcode 8.0";
			developmentRegion = en;
			hasScannedForEncodings = 0;
			knownRegions = (
				en,
				Base,
			);
			mainGroup = B751A5502044FDFB00E1B443;
			productRefGroup = B751A55A2044FDFB00E1B443 /* Products */;
			projectDirPath = "";
			projectRoot = "";
			targets = (
				B751A5582044FDFB00E1B443 /* GitLearn */,
				B751A5702044FDFB00E1B443 /* GitLearnTests */,
				B751A57B2044FDFB00E1B443 /* GitLearnUITests */,
			);
		};
/* End PBXProject section */

/* Begin PBXResourcesBuildPhase section */
		B751A5572044FDFB00E1B443 /* Resources */ = {
			isa = PBXResourcesBuildPhase;
			buildActionMask = 2147483647;
			files = (
				B751A5692044FDFB00E1B443 /* LaunchScreen.storyboard in Resources */,
				B751A5662044FDFB00E1B443 /* Assets.xcassets in Resources */,
				B751A5642044FDFB00E1B443 /* Main.storyboard in Resources */,
			);
			runOnlyForDeploymentPostprocessing = 0;
		};
		B751A56F2044FDFB00E1B443 /* Resources */ = {
			isa = PBXResourcesBuildPhase;
			buildActionMask = 2147483647;
			files = (
			);
			runOnlyForDeploymentPostprocessing = 0;
		};
		B751A57A2044FDFB00E1B443 /* Resources */ = {
			isa = PBXResourcesBuildPhase;
			buildActionMask = 2147483647;
			files = (
			);
			runOnlyForDeploymentPostprocessing = 0;
		};
/* End PBXResourcesBuildPhase section */

/* Begin PBXSourcesBuildPhase section */
		B751A5552044FDFB00E1B443 /* Sources */ = {
			isa = PBXSourcesBuildPhase;
			buildActionMask = 2147483647;
			files = (
				B74E196D22201CA3005BF5C8 /* Dog.m in Sources */,
				B751A5612044FDFB00E1B443 /* ViewController.m in Sources */,
				B74E197022201EBA005BF5C8 /* Ipad.m in Sources */,
				B751A56C2044FDFB00E1B443 /* main.m in Sources */,
				B74E1967222017FB005BF5C8 /* Person.m in Sources */,
				B751A5902044FFE100E1B443 /* TestViewController.m in Sources */,
				B751A55E2044FDFB00E1B443 /* AppDelegate.m in Sources */,
			);
			runOnlyForDeploymentPostprocessing = 0;
		};
		B751A56D2044FDFB00E1B443 /* Sources */ = {
			isa = PBXSourcesBuildPhase;
			buildActionMask = 2147483647;
			files = (
				B751A5762044FDFB00E1B443 /* GitLearnTests.m in Sources */,
			);
			runOnlyForDeploymentPostprocessing = 0;
		};
		B751A5782044FDFB00E1B443 /* Sources */ = {
			isa = PBXSourcesBuildPhase;
			buildActionMask = 2147483647;
			files = (
				B751A5812044FDFB00E1B443 /* GitLearnUITests.m in Sources */,
			);
			runOnlyForDeploymentPostprocessing = 0;
		};
/* End PBXSourcesBuildPhase section */

/* Begin PBXTargetDependency section */
		B751A5732044FDFB00E1B443 /* PBXTargetDependency */ = {
			isa = PBXTargetDependency;
			target = B751A5582044FDFB00E1B443 /* GitLearn */;
			targetProxy = B751A5722044FDFB00E1B443 /* PBXContainerItemProxy */;
		};
		B751A57E2044FDFB00E1B443 /* PBXTargetDependency */ = {
			isa = PBXTargetDependency;
			target = B751A5582044FDFB00E1B443 /* GitLearn */;
			targetProxy = B751A57D2044FDFB00E1B443 /* PBXContainerItemProxy */;
		};
/* End PBXTargetDependency section */

/* Begin PBXVariantGroup section */
		B751A5622044FDFB00E1B443 /* Main.storyboard */ = {
			isa = PBXVariantGroup;
			children = (
				B751A5632044FDFB00E1B443 /* Base */,
			);
			name = Main.storyboard;
			sourceTree = "<group>";
		};
		B751A5672044FDFB00E1B443 /* LaunchScreen.storyboard */ = {
			isa = PBXVariantGroup;
			children = (
				B751A5682044FDFB00E1B443 /* Base */,
			);
			name = LaunchScreen.storyboard;
			sourceTree = "<group>";
		};
/* End PBXVariantGroup section */

/* Begin XCBuildConfiguration section */
		B751A5832044FDFB00E1B443 /* Debug */ = {
			isa = XCBuildConfiguration;
			buildSettings = {
				ALWAYS_SEARCH_USER_PATHS = NO;
				CLANG_ANALYZER_NONNULL = YES;
				CLANG_ANALYZER_NUMBER_OBJECT_CONVERSION = YES_AGGRESSIVE;
				CLANG_CXX_LANGUAGE_STANDARD = "gnu++14";
				CLANG_CXX_LIBRARY = "libc++";
				CLANG_ENABLE_MODULES = YES;
				CLANG_ENABLE_OBJC_ARC = YES;
				CLANG_WARN_BLOCK_CAPTURE_AUTORELEASING = YES;
				CLANG_WARN_BOOL_CONVERSION = YES;
				CLANG_WARN_COMMA = YES;
				CLANG_WARN_CONSTANT_CONVERSION = YES;
				CLANG_WARN_DIRECT_OBJC_ISA_USAGE = YES_ERROR;
				CLANG_WARN_DOCUMENTATION_COMMENTS = YES;
				CLANG_WARN_EMPTY_BODY = YES;
				CLANG_WARN_ENUM_CONVERSION = YES;
				CLANG_WARN_INFINITE_RECURSION = YES;
				CLANG_WARN_INT_CONVERSION = YES;
				CLANG_WARN_NON_LITERAL_NULL_CONVERSION = YES;
				CLANG_WARN_OBJC_LITERAL_CONVERSION = YES;
				CLANG_WARN_OBJC_ROOT_CLASS = YES_ERROR;
				CLANG_WARN_RANGE_LOOP_ANALYSIS = YES;
				CLANG_WARN_STRICT_PROTOTYPES = YES;
				CLANG_WARN_SUSPICIOUS_MOVE = YES;
				CLANG_WARN_UNGUARDED_AVAILABILITY = YES_AGGRESSIVE;
				CLANG_WARN_UNREACHABLE_CODE = YES;
				CLANG_WARN__DUPLICATE_METHOD_MATCH = YES;
				CODE_SIGN_IDENTITY = "iPhone Developer";
				COPY_PHASE_STRIP = NO;
				DEBUG_INFORMATION_FORMAT = dwarf;
				ENABLE_STRICT_OBJC_MSGSEND = YES;
				ENABLE_TESTABILITY = YES;
				GCC_C_LANGUAGE_STANDARD = gnu11;
				GCC_DYNAMIC_NO_PIC = NO;
				GCC_NO_COMMON_BLOCKS = YES;
				GCC_OPTIMIZATION_LEVEL = 0;
				GCC_PREPROCESSOR_DEFINITIONS = (
					"DEBUG=1",
					"$(inherited)",
				);
				GCC_WARN_64_TO_32_BIT_CONVERSION = YES;
				GCC_WARN_ABOUT_RETURN_TYPE = YES_ERROR;
				GCC_WARN_UNDECLARED_SELECTOR = YES;
				GCC_WARN_UNINITIALIZED_AUTOS = YES_AGGRESSIVE;
				GCC_WARN_UNUSED_FUNCTION = YES;
				GCC_WARN_UNUSED_VARIABLE = YES;
				IPHONEOS_DEPLOYMENT_TARGET = 11.2;
				MTL_ENABLE_DEBUG_INFO = YES;
				ONLY_ACTIVE_ARCH = YES;
				SDKROOT = iphoneos;
			};
			name = Debug;
		};
		B751A5842044FDFB00E1B443 /* Release */ = {
			isa = XCBuildConfiguration;
			buildSettings = {
				ALWAYS_SEARCH_USER_PATHS = NO;
				CLANG_ANALYZER_NONNULL = YES;
				CLANG_ANALYZER_NUMBER_OBJECT_CONVERSION = YES_AGGRESSIVE;
				CLANG_CXX_LANGUAGE_STANDARD = "gnu++14";
				CLANG_CXX_LIBRARY = "libc++";
				CLANG_ENABLE_MODULES = YES;
				CLANG_ENABLE_OBJC_ARC = YES;
				CLANG_WARN_BLOCK_CAPTURE_AUTORELEASING = YES;
				CLANG_WARN_BOOL_CONVERSION = YES;
				CLANG_WARN_COMMA = YES;
				CLANG_WARN_CONSTANT_CONVERSION = YES;
				CLANG_WARN_DIRECT_OBJC_ISA_USAGE = YES_ERROR;
				CLANG_WARN_DOCUMENTATION_COMMENTS = YES;
				CLANG_WARN_EMPTY_BODY = YES;
				CLANG_WARN_ENUM_CONVERSION = YES;
				CLANG_WARN_INFINITE_RECURSION = YES;
				CLANG_WARN_INT_CONVERSION = YES;
				CLANG_WARN_NON_LITERAL_NULL_CONVERSION = YES;
				CLANG_WARN_OBJC_LITERAL_CONVERSION = YES;
				CLANG_WARN_OBJC_ROOT_CLASS = YES_ERROR;
				CLANG_WARN_RANGE_LOOP_ANALYSIS = YES;
				CLANG_WARN_STRICT_PROTOTYPES = YES;
				CLANG_WARN_SUSPICIOUS_MOVE = YES;
				CLANG_WARN_UNGUARDED_AVAILABILITY = YES_AGGRESSIVE;
				CLANG_WARN_UNREACHABLE_CODE = YES;
				CLANG_WARN__DUPLICATE_METHOD_MATCH = YES;
				CODE_SIGN_IDENTITY = "iPhone Developer";
				COPY_PHASE_STRIP = NO;
				DEBUG_INFORMATION_FORMAT = "dwarf-with-dsym";
				ENABLE_NS_ASSERTIONS = NO;
				ENABLE_STRICT_OBJC_MSGSEND = YES;
				GCC_C_LANGUAGE_STANDARD = gnu11;
				GCC_NO_COMMON_BLOCKS = YES;
				GCC_WARN_64_TO_32_BIT_CONVERSION = YES;
				GCC_WARN_ABOUT_RETURN_TYPE = YES_ERROR;
				GCC_WARN_UNDECLARED_SELECTOR = YES;
				GCC_WARN_UNINITIALIZED_AUTOS = YES_AGGRESSIVE;
				GCC_WARN_UNUSED_FUNCTION = YES;
				GCC_WARN_UNUSED_VARIABLE = YES;
				IPHONEOS_DEPLOYMENT_TARGET = 11.2;
				MTL_ENABLE_DEBUG_INFO = NO;
				SDKROOT = iphoneos;
				VALIDATE_PRODUCT = YES;
			};
			name = Release;
		};
		B751A5862044FDFB00E1B443 /* Debug */ = {
			isa = XCBuildConfiguration;
			buildSettings = {
				ASSETCATALOG_COMPILER_APPICON_NAME = AppIcon;
				CODE_SIGN_STYLE = Automatic;
				DEVELOPMENT_TEAM = 9263MSZZ3B;
				INFOPLIST_FILE = GitLearn/Info.plist;
				LD_RUNPATH_SEARCH_PATHS = "$(inherited) @executable_path/Frameworks";
				PRODUCT_BUNDLE_IDENTIFIER = richeninfo.GitLearn;
				PRODUCT_NAME = "$(TARGET_NAME)";
				TARGETED_DEVICE_FAMILY = "1,2";
			};
			name = Debug;
		};
		B751A5872044FDFB00E1B443 /* Release */ = {
			isa = XCBuildConfiguration;
			buildSettings = {
				ASSETCATALOG_COMPILER_APPICON_NAME = AppIcon;
				CODE_SIGN_STYLE = Automatic;
				DEVELOPMENT_TEAM = 9263MSZZ3B;
				INFOPLIST_FILE = GitLearn/Info.plist;
				LD_RUNPATH_SEARCH_PATHS = "$(inherited) @executable_path/Frameworks";
				PRODUCT_BUNDLE_IDENTIFIER = richeninfo.GitLearn;
				PRODUCT_NAME = "$(TARGET_NAME)";
				TARGETED_DEVICE_FAMILY = "1,2";
			};
			name = Release;
		};
		B751A5892044FDFB00E1B443 /* Debug */ = {
			isa = XCBuildConfiguration;
			buildSettings = {
				BUNDLE_LOADER = "$(TEST_HOST)";
				CODE_SIGN_STYLE = Automatic;
				DEVELOPMENT_TEAM = 9263MSZZ3B;
				INFOPLIST_FILE = GitLearnTests/Info.plist;
				LD_RUNPATH_SEARCH_PATHS = "$(inherited) @executable_path/Frameworks @loader_path/Frameworks";
				PRODUCT_BUNDLE_IDENTIFIER = richeninfo.GitLearnTests;
				PRODUCT_NAME = "$(TARGET_NAME)";
				TARGETED_DEVICE_FAMILY = "1,2";
				TEST_HOST = "$(BUILT_PRODUCTS_DIR)/GitLearn.app/GitLearn";
			};
			name = Debug;
		};
		B751A58A2044FDFB00E1B443 /* Release */ = {
			isa = XCBuildConfiguration;
			buildSettings = {
				BUNDLE_LOADER = "$(TEST_HOST)";
				CODE_SIGN_STYLE = Automatic;
				DEVELOPMENT_TEAM = 9263MSZZ3B;
				INFOPLIST_FILE = GitLearnTests/Info.plist;
				LD_RUNPATH_SEARCH_PATHS = "$(inherited) @executable_path/Frameworks @loader_path/Frameworks";
				PRODUCT_BUNDLE_IDENTIFIER = richeninfo.GitLearnTests;
				PRODUCT_NAME = "$(TARGET_NAME)";
				TARGETED_DEVICE_FAMILY = "1,2";
				TEST_HOST = "$(BUILT_PRODUCTS_DIR)/GitLearn.app/GitLearn";
			};
			name = Release;
		};
		B751A58C2044FDFB00E1B443 /* Debug */ = {
			isa = XCBuildConfiguration;
			buildSettings = {
				CODE_SIGN_STYLE = Automatic;
				DEVELOPMENT_TEAM = 9263MSZZ3B;
				INFOPLIST_FILE = GitLearnUITests/Info.plist;
				LD_RUNPATH_SEARCH_PATHS = "$(inherited) @executable_path/Frameworks @loader_path/Frameworks";
				PRODUCT_BUNDLE_IDENTIFIER = richeninfo.GitLearnUITests;
				PRODUCT_NAME = "$(TARGET_NAME)";
				TARGETED_DEVICE_FAMILY = "1,2";
				TEST_TARGET_NAME = GitLearn;
			};
			name = Debug;
		};
		B751A58D2044FDFB00E1B443 /* Release */ = {
			isa = XCBuildConfiguration;
			buildSettings = {
				CODE_SIGN_STYLE = Automatic;
				DEVELOPMENT_TEAM = 9263MSZZ3B;
				INFOPLIST_FILE = GitLearnUITests/Info.plist;
				LD_RUNPATH_SEARCH_PATHS = "$(inherited) @executable_path/Frameworks @loader_path/Frameworks";
				PRODUCT_BUNDLE_IDENTIFIER = richeninfo.GitLearnUITests;
				PRODUCT_NAME = "$(TARGET_NAME)";
				TARGETED_DEVICE_FAMILY = "1,2";
				TEST_TARGET_NAME = GitLearn;
			};
			name = Release;
		};
/* End XCBuildConfiguration section */

/* Begin XCConfigurationList section */
		B751A5542044FDFB00E1B443 /* Build configuration list for PBXProject "GitLearn" */ = {
			isa = XCConfigurationList;
			buildConfigurations = (
				B751A5832044FDFB00E1B443 /* Debug */,
				B751A5842044FDFB00E1B443 /* Release */,
			);
			defaultConfigurationIsVisible = 0;
			defaultConfigurationName = Release;
		};
		B751A5852044FDFB00E1B443 /* Build configuration list for PBXNativeTarget "GitLearn" */ = {
			isa = XCConfigurationList;
			buildConfigurations = (
				B751A5862044FDFB00E1B443 /* Debug */,
				B751A5872044FDFB00E1B443 /* Release */,
			);
			defaultConfigurationIsVisible = 0;
			defaultConfigurationName = Release;
		};
		B751A5882044FDFB00E1B443 /* Build configuration list for PBXNativeTarget "GitLearnTests" */ = {
			isa = XCConfigurationList;
			buildConfigurations = (
				B751A5892044FDFB00E1B443 /* Debug */,
				B751A58A2044FDFB00E1B443 /* Release */,
			);
			defaultConfigurationIsVisible = 0;
			defaultConfigurationName = Release;
		};
		B751A58B2044FDFB00E1B443 /* Build configuration list for PBXNativeTarget "GitLearnUITests" */ = {
			isa = XCConfigurationList;
			buildConfigurations = (
				B751A58C2044FDFB00E1B443 /* Debug */,
				B751A58D2044FDFB00E1B443 /* Release */,
			);
			defaultConfigurationIsVisible = 0;
			defaultConfigurationName = Release;
		};
/* End XCConfigurationList section */
	};
	rootObject = B751A5512044FDFB00E1B443 /* Project object */;
}
